
Microsoft Visual Studio Solution File, Format Version 12.00
# Visual Studio 15
VisualStudioVersion = 15.0.28010.2048
MinimumVisualStudioVersion = 10.0.40219.1
Project("{FAE04EC0-301F-11D3-BF4B-00C04F79EFBC}") = "FileUploadWebApp", "FileUploadWebApp\FileUploadWebApp.csproj", "{AB7BA524-77A7-4052-8586-A516273C1011}"
EndProject
Project("{FAE04EC0-301F-11D3-BF4B-00C04F79EFBC}") = "ApiIntegration.Core", "ApiIntegration.Core\ApiIntegration.Core.csproj", "{AA892505-531E-4089-B841-9DAB2E952CD9}"
EndProject
Project("{FAE04EC0-301F-11D3-BF4B-00C04F79EFBC}") = "ApiIntegration.Infrastructure", "ApiIntegration.Infrastructure\ApiIntegration.Infrastructure.csproj", "{1616ADCC-AA38-4341-97BC-5015E8BEB70F}"
EndProject
Global
	GlobalSection(SolutionConfigurationPlatforms) = preSolution
		Debug|Any CPU = Debug|Any CPU
		Release|Any CPU = Release|Any CPU
	EndGlobalSection
	GlobalSection(ProjectConfigurationPlatforms) = postSolution
		{AB7BA524-77A7-4052-8586-A516273C1011}.Debug|Any CPU.ActiveCfg = Debug|Any CPU
		{AB7BA524-77A7-4052-8586-A516273C1011}.Debug|Any CPU.Build.0 = Debug|Any CPU
		{AB7BA524-77A7-4052-8586-A516273C1011}.Release|Any CPU.ActiveCfg = Release|Any CPU
		{AB7BA524-77A7-4052-8586-A516273C1011}.Release|Any CPU.Build.0 = Release|Any CPU
		{AA892505-531E-4089-B841-9DAB2E952CD9}.Debug|Any CPU.ActiveCfg = Debug|Any CPU
		{AA892505-531E-4089-B841-9DAB2E952CD9}.Debug|Any CPU.Build.0 = Debug|Any CPU
		{AA892505-531E-4089-B841-9DAB2E952CD9}.Release|Any CPU.ActiveCfg = Release|Any CPU
		{AA892505-531E-4089-B841-9DAB2E952CD9}.Release|Any CPU.Build.0 = Release|Any CPU
		{1616ADCC-AA38-4341-97BC-5015E8BEB70F}.Debug|Any CPU.ActiveCfg = Debug|Any CPU
		{1616ADCC-AA38-4341-97BC-5015E8BEB70F}.Debug|Any CPU.Build.0 = Debug|Any CPU
		{1616ADCC-AA38-4341-97BC-5015E8BEB70F}.Release|Any CPU.ActiveCfg = Release|Any CPU
		{1616ADCC-AA38-4341-97BC-5015E8BEB70F}.Release|Any CPU.Build.0 = Release|Any CPU
	EndGlobalSection
	GlobalSection(SolutionProperties) = preSolution
		HideSolutionNode = FALSE
	EndGlobalSection
	GlobalSection(ExtensibilityGlobals) = postSolution
		SolutionGuid = {F22BCCBA-9996-4A91-B455-2B84C50D5198}
	EndGlobalSection
EndGlobal
